
Microsoft Visual Studio Solution File, Format Version 12.00
# Visual Studio 2012
Project("{8BC9CEB8-8B4A-11D0-8D11-00A0C91BC942}") = "SerialSweepMethod", "SerialSweepMethod\SerialSweepMethod.vcxproj", "{C2AA0229-470A-4C6C-AD57-A0F5698F4F1A}"
EndProject
Global
	GlobalSection(SolutionConfigurationPlatforms) = preSolution
		Debug|Win32 = Debug|Win32
		Release|Win32 = Release|Win32
	EndGlobalSection
	GlobalSection(ProjectConfigurationPlatforms) = postSolution
		{C2AA0229-470A-4C6C-AD57-A0F5698F4F1A}.Debug|Win32.ActiveCfg = Debug|Win32
		{C2AA0229-470A-4C6C-AD57-A0F5698F4F1A}.Debug|Win32.Build.0 = Debug|Win32
		{C2AA0229-470A-4C6C-AD57-A0F5698F4F1A}.Release|Win32.ActiveCfg = Release|Win32
		{C2AA0229-470A-4C6C-AD57-A0F5698F4F1A}.Release|Win32.Build.0 = Release|Win32
	EndGlobalSection
	GlobalSection(SolutionProperties) = preSolution
		HideSolutionNode = FALSE
	EndGlobalSection
EndGlobal
